// !$*UTF8*$!
{
	archiveVersion = 1;
	classes = {
	};
	objectVersion = 55;
	objects = {

/* Begin PBXBuildFile section */
		48678BD927E7836100631D9B /* Note+CoreDataClass.swift in Sources */ = {isa = PBXBuildFile; fileRef = 48678BD727E7836100631D9B /* Note+CoreDataClass.swift */; };
		48678BDA27E7836100631D9B /* Note+CoreDataProperties.swift in Sources */ = {isa = PBXBuildFile; fileRef = 48678BD827E7836100631D9B /* Note+CoreDataProperties.swift */; };
		48678BDC27E88D5300631D9B /* CoreDataManager.swift in Sources */ = {isa = PBXBuildFile; fileRef = 48678BDB27E88D5300631D9B /* CoreDataManager.swift */; };
		48678BDE27E89AA800631D9B /* DateExtension.swift in Sources */ = {isa = PBXBuildFile; fileRef = 48678BDD27E89AA800631D9B /* DateExtension.swift */; };
		48A5729C27DF3989009E026A /* AppDelegate.swift in Sources */ = {isa = PBXBuildFile; fileRef = 48A5729B27DF3989009E026A /* AppDelegate.swift */; };
		48A5729E27DF3989009E026A /* SceneDelegate.swift in Sources */ = {isa = PBXBuildFile; fileRef = 48A5729D27DF3989009E026A /* SceneDelegate.swift */; };
		48A572A627DF3989009E026A /* NotesApp.xcdatamodeld in Sources */ = {isa = PBXBuildFile; fileRef = 48A572A427DF3989009E026A /* NotesApp.xcdatamodeld */; };
		48A572A827DF398A009E026A /* Assets.xcassets in Resources */ = {isa = PBXBuildFile; fileRef = 48A572A727DF398A009E026A /* Assets.xcassets */; };
		48A572AB27DF398A009E026A /* LaunchScreen.storyboard in Resources */ = {isa = PBXBuildFile; fileRef = 48A572A927DF398A009E026A /* LaunchScreen.storyboard */; };
		48A572B327DF39B1009E026A /* MainViewController.swift in Sources */ = {isa = PBXBuildFile; fileRef = 48A572B227DF39B1009E026A /* MainViewController.swift */; };
		48A572B527DF3D4F009E026A /* DetailNotesViewController.swift in Sources */ = {isa = PBXBuildFile; fileRef = 48A572B427DF3D4F009E026A /* DetailNotesViewController.swift */; };
		48A572B727DF3E9B009E026A /* MainTableViewCell.swift in Sources */ = {isa = PBXBuildFile; fileRef = 48A572B627DF3E9B009E026A /* MainTableViewCell.swift */; };
		48A572C527E498D2009E026A /* Delegate.swift in Sources */ = {isa = PBXBuildFile; fileRef = 48A572C427E498D2009E026A /* Delegate.swift */; };
/* End PBXBuildFile section */

/* Begin PBXFileReference section */
		48678BD727E7836100631D9B /* Note+CoreDataClass.swift */ = {isa = PBXFileReference; lastKnownFileType = sourcecode.swift; path = "Note+CoreDataClass.swift"; sourceTree = "<group>"; };
		48678BD827E7836100631D9B /* Note+CoreDataProperties.swift */ = {isa = PBXFileReference; lastKnownFileType = sourcecode.swift; path = "Note+CoreDataProperties.swift"; sourceTree = "<group>"; };
		48678BDB27E88D5300631D9B /* CoreDataManager.swift */ = {isa = PBXFileReference; lastKnownFileType = sourcecode.swift; path = CoreDataManager.swift; sourceTree = "<group>"; };
		48678BDD27E89AA800631D9B /* DateExtension.swift */ = {isa = PBXFileReference; lastKnownFileType = sourcecode.swift; path = DateExtension.swift; sourceTree = "<group>"; };
		48A5729827DF3989009E026A /* NotesApp.app */ = {isa = PBXFileReference; explicitFileType = wrapper.application; includeInIndex = 0; path = NotesApp.app; sourceTree = BUILT_PRODUCTS_DIR; };
		48A5729B27DF3989009E026A /* AppDelegate.swift */ = {isa = PBXFileReference; lastKnownFileType = sourcecode.swift; path = AppDelegate.swift; sourceTree = "<group>"; };
		48A5729D27DF3989009E026A /* SceneDelegate.swift */ = {isa = PBXFileReference; lastKnownFileType = sourcecode.swift; path = SceneDelegate.swift; sourceTree = "<group>"; };
		48A572A527DF3989009E026A /* NotesApp.xcdatamodel */ = {isa = PBXFileReference; lastKnownFileType = wrapper.xcdatamodel; path = NotesApp.xcdatamodel; sourceTree = "<group>"; };
		48A572A727DF398A009E026A /* Assets.xcassets */ = {isa = PBXFileReference; lastKnownFileType = folder.assetcatalog; path = Assets.xcassets; sourceTree = "<group>"; };
		48A572AA27DF398A009E026A /* Base */ = {isa = PBXFileReference; lastKnownFileType = file.storyboard; name = Base; path = Base.lproj/LaunchScreen.storyboard; sourceTree = "<group>"; };
		48A572AC27DF398A009E026A /* Info.plist */ = {isa = PBXFileReference; lastKnownFileType = text.plist.xml; path = Info.plist; sourceTree = "<group>"; };
		48A572B227DF39B1009E026A /* MainViewController.swift */ = {isa = PBXFileReference; lastKnownFileType = sourcecode.swift; path = MainViewController.swift; sourceTree = "<group>"; };
		48A572B427DF3D4F009E026A /* DetailNotesViewController.swift */ = {isa = PBXFileReference; lastKnownFileType = sourcecode.swift; path = DetailNotesViewController.swift; sourceTree = "<group>"; };
		48A572B627DF3E9B009E026A /* MainTableViewCell.swift */ = {isa = PBXFileReference; lastKnownFileType = sourcecode.swift; path = MainTableViewCell.swift; sourceTree = "<group>"; };
		48A572C427E498D2009E026A /* Delegate.swift */ = {isa = PBXFileReference; lastKnownFileType = sourcecode.swift; path = Delegate.swift; sourceTree = "<group>"; };
/* End PBXFileReference section */

/* Begin PBXFrameworksBuildPhase section */
		48A5729527DF3989009E026A /* Frameworks */ = {
			isa = PBXFrameworksBuildPhase;
			buildActionMask = 2147483647;
			files = (
			);
			runOnlyForDeploymentPostprocessing = 0;
		};
/* End PBXFrameworksBuildPhase section */

/* Begin PBXGroup section */
		48A5728F27DF3989009E026A = {
			isa = PBXGroup;
			children = (
				48A5729A27DF3989009E026A /* NotesApp */,
				48A5729927DF3989009E026A /* Products */,
			);
			sourceTree = "<group>";
		};
		48A5729927DF3989009E026A /* Products */ = {
			isa = PBXGroup;
			children = (
				48A5729827DF3989009E026A /* NotesApp.app */,
			);
			name = Products;
			sourceTree = "<group>";
		};
		48A5729A27DF3989009E026A /* NotesApp */ = {
			isa = PBXGroup;
			children = (
				48A572BC27E0A890009E026A /* Model */,
				48A572BB27E0A887009E026A /* View */,
				48A572BD27E0B034009E026A /* Controller */,
				48A572BA27E0A864009E026A /* App */,
				48A572A727DF398A009E026A /* Assets.xcassets */,
				48A572A927DF398A009E026A /* LaunchScreen.storyboard */,
				48A572AC27DF398A009E026A /* Info.plist */,
			);
			path = NotesApp;
			sourceTree = "<group>";
		};
		48A572BA27E0A864009E026A /* App */ = {
			isa = PBXGroup;
			children = (
				48678BDD27E89AA800631D9B /* DateExtension.swift */,
				48A5729B27DF3989009E026A /* AppDelegate.swift */,
				48A5729D27DF3989009E026A /* SceneDelegate.swift */,
			);
			path = App;
			sourceTree = "<group>";
		};
		48A572BB27E0A887009E026A /* View */ = {
			isa = PBXGroup;
			children = (
				48A572B627DF3E9B009E026A /* MainTableViewCell.swift */,
			);
			path = View;
			sourceTree = "<group>";
		};
		48A572BC27E0A890009E026A /* Model */ = {
			isa = PBXGroup;
			children = (
				48678BD727E7836100631D9B /* Note+CoreDataClass.swift */,
				48678BD827E7836100631D9B /* Note+CoreDataProperties.swift */,
				48678BDB27E88D5300631D9B /* CoreDataManager.swift */,
				48A572A427DF3989009E026A /* NotesApp.xcdatamodeld */,
			);
			path = Model;
			sourceTree = "<group>";
		};
		48A572BD27E0B034009E026A /* Controller */ = {
			isa = PBXGroup;
			children = (
				48A572C427E498D2009E026A /* Delegate.swift */,
				48A572B227DF39B1009E026A /* MainViewController.swift */,
				48A572B427DF3D4F009E026A /* DetailNotesViewController.swift */,
			);
			path = Controller;
			sourceTree = "<group>";
		};
/* End PBXGroup section */

/* Begin PBXNativeTarget section */
		48A5729727DF3989009E026A /* NotesApp */ = {
			isa = PBXNativeTarget;
			buildConfigurationList = 48A572AF27DF398A009E026A /* Build configuration list for PBXNativeTarget "NotesApp" */;
			buildPhases = (
				48A5729427DF3989009E026A /* Sources */,
				48A5729527DF3989009E026A /* Frameworks */,
				48A5729627DF3989009E026A /* Resources */,
			);
			buildRules = (
			);
			dependencies = (
			);
			name = NotesApp;
			productName = NotesApp;
			productReference = 48A5729827DF3989009E026A /* NotesApp.app */;
			productType = "com.apple.product-type.application";
		};
/* End PBXNativeTarget section */

/* Begin PBXProject section */
		48A5729027DF3989009E026A /* Project object */ = {
			isa = PBXProject;
			attributes = {
				BuildIndependentTargetsInParallel = 1;
				LastSwiftUpdateCheck = 1320;
				LastUpgradeCheck = 1320;
				TargetAttributes = {
					48A5729727DF3989009E026A = {
						CreatedOnToolsVersion = 13.2.1;
					};
				};
			};
			buildConfigurationList = 48A5729327DF3989009E026A /* Build configuration list for PBXProject "NotesApp" */;
			compatibilityVersion = "Xcode 13.0";
			developmentRegion = en;
			hasScannedForEncodings = 0;
			knownRegions = (
				en,
				Base,
			);
			mainGroup = 48A5728F27DF3989009E026A;
			productRefGroup = 48A5729927DF3989009E026A /* Products */;
			projectDirPath = "";
			projectRoot = "";
			targets = (
				48A5729727DF3989009E026A /* NotesApp */,
			);
		};
/* End PBXProject section */

/* Begin PBXResourcesBuildPhase section */
		48A5729627DF3989009E026A /* Resources */ = {
			isa = PBXResourcesBuildPhase;
			buildActionMask = 2147483647;
			files = (
				48A572AB27DF398A009E026A /* LaunchScreen.storyboard in Resources */,
				48A572A827DF398A009E026A /* Assets.xcassets in Resources */,
			);
			runOnlyForDeploymentPostprocessing = 0;
		};
/* End PBXResourcesBuildPhase section */

/* Begin PBXSourcesBuildPhase section */
		48A5729427DF3989009E026A /* Sources */ = {
			isa = PBXSourcesBuildPhase;
			buildActionMask = 2147483647;
			files = (
				48A5729C27DF3989009E026A /* AppDelegate.swift in Sources */,
				48A5729E27DF3989009E026A /* SceneDelegate.swift in Sources */,
				48A572C527E498D2009E026A /* Delegate.swift in Sources */,
				48A572B527DF3D4F009E026A /* DetailNotesViewController.swift in Sources */,
				48A572A627DF3989009E026A /* NotesApp.xcdatamodeld in Sources */,
				48678BD927E7836100631D9B /* Note+CoreDataClass.swift in Sources */,
				48678BDE27E89AA800631D9B /* DateExtension.swift in Sources */,
				48A572B727DF3E9B009E026A /* MainTableViewCell.swift in Sources */,
				48A572B327DF39B1009E026A /* MainViewController.swift in Sources */,
				48678BDC27E88D5300631D9B /* CoreDataManager.swift in Sources */,
				48678BDA27E7836100631D9B /* Note+CoreDataProperties.swift in Sources */,
			);
			runOnlyForDeploymentPostprocessing = 0;
		};
/* End PBXSourcesBuildPhase section */

/* Begin PBXVariantGroup section */
		48A572A927DF398A009E026A /* LaunchScreen.storyboard */ = {
			isa = PBXVariantGroup;
			children = (
				48A572AA27DF398A009E026A /* Base */,
			);
			name = LaunchScreen.storyboard;
			sourceTree = "<group>";
		};
/* End PBXVariantGroup section */

/* Begin XCBuildConfiguration section */
		48A572AD27DF398A009E026A /* Debug */ = {
			isa = XCBuildConfiguration;
			buildSettings = {
				ALWAYS_SEARCH_USER_PATHS = NO;
				CLANG_ANALYZER_NONNULL = YES;
				CLANG_ANALYZER_NUMBER_OBJECT_CONVERSION = YES_AGGRESSIVE;
				CLANG_CXX_LANGUAGE_STANDARD = "gnu++17";
				CLANG_CXX_LIBRARY = "libc++";
				CLANG_ENABLE_MODULES = YES;
				CLANG_ENABLE_OBJC_ARC = YES;
				CLANG_ENABLE_OBJC_WEAK = YES;
				CLANG_WARN_BLOCK_CAPTURE_AUTORELEASING = YES;
				CLANG_WARN_BOOL_CONVERSION = YES;
				CLANG_WARN_COMMA = YES;
				CLANG_WARN_CONSTANT_CONVERSION = YES;
				CLANG_WARN_DEPRECATED_OBJC_IMPLEMENTATIONS = YES;
				CLANG_WARN_DIRECT_OBJC_ISA_USAGE = YES_ERROR;
				CLANG_WARN_DOCUMENTATION_COMMENTS = YES;
				CLANG_WARN_EMPTY_BODY = YES;
				CLANG_WARN_ENUM_CONVERSION = YES;
				CLANG_WARN_INFINITE_RECURSION = YES;
				CLANG_WARN_INT_CONVERSION = YES;
				CLANG_WARN_NON_LITERAL_NULL_CONVERSION = YES;
				CLANG_WARN_OBJC_IMPLICIT_RETAIN_SELF = YES;
				CLANG_WARN_OBJC_LITERAL_CONVERSION = YES;
				CLANG_WARN_OBJC_ROOT_CLASS = YES_ERROR;
				CLANG_WARN_QUOTED_INCLUDE_IN_FRAMEWORK_HEADER = YES;
				CLANG_WARN_RANGE_LOOP_ANALYSIS = YES;
				CLANG_WARN_STRICT_PROTOTYPES = YES;
				CLANG_WARN_SUSPICIOUS_MOVE = YES;
				CLANG_WARN_UNGUARDED_AVAILABILITY = YES_AGGRESSIVE;
				CLANG_WARN_UNREACHABLE_CODE = YES;
				CLANG_WARN__DUPLICATE_METHOD_MATCH = YES;
				COPY_PHASE_STRIP = NO;
				DEBUG_INFORMATION_FORMAT = dwarf;
				ENABLE_STRICT_OBJC_MSGSEND = YES;
				ENABLE_TESTABILITY = YES;
				GCC_C_LANGUAGE_STANDARD = gnu11;
				GCC_DYNAMIC_NO_PIC = NO;
				GCC_NO_COMMON_BLOCKS = YES;
				GCC_OPTIMIZATION_LEVEL = 0;
				GCC_PREPROCESSOR_DEFINITIONS = (
					"DEBUG=1",
					"$(inherited)",
				);
				GCC_WARN_64_TO_32_BIT_CONVERSION = YES;
				GCC_WARN_ABOUT_RETURN_TYPE = YES_ERROR;
				GCC_WARN_UNDECLARED_SELECTOR = YES;
				GCC_WARN_UNINITIALIZED_AUTOS = YES_AGGRESSIVE;
				GCC_WARN_UNUSED_FUNCTION = YES;
				GCC_WARN_UNUSED_VARIABLE = YES;
				IPHONEOS_DEPLOYMENT_TARGET = 15.2;
				MTL_ENABLE_DEBUG_INFO = INCLUDE_SOURCE;
				MTL_FAST_MATH = YES;
				ONLY_ACTIVE_ARCH = YES;
				SDKROOT = iphoneos;
				SWIFT_ACTIVE_COMPILATION_CONDITIONS = DEBUG;
				SWIFT_OPTIMIZATION_LEVEL = "-Onone";
			};
			name = Debug;
		};
		48A572AE27DF398A009E026A /* Release */ = {
			isa = XCBuildConfiguration;
			buildSettings = {
				ALWAYS_SEARCH_USER_PATHS = NO;
				CLANG_ANALYZER_NONNULL = YES;
				CLANG_ANALYZER_NUMBER_OBJECT_CONVERSION = YES_AGGRESSIVE;
				CLANG_CXX_LANGUAGE_STANDARD = "gnu++17";
				CLANG_CXX_LIBRARY = "libc++";
				CLANG_ENABLE_MODULES = YES;
				CLANG_ENABLE_OBJC_ARC = YES;
				CLANG_ENABLE_OBJC_WEAK = YES;
				CLANG_WARN_BLOCK_CAPTURE_AUTORELEASING = YES;
				CLANG_WARN_BOOL_CONVERSION = YES;
				CLANG_WARN_COMMA = YES;
				CLANG_WARN_CONSTANT_CONVERSION = YES;
				CLANG_WARN_DEPRECATED_OBJC_IMPLEMENTATIONS = YES;
				CLANG_WARN_DIRECT_OBJC_ISA_USAGE = YES_ERROR;
				CLANG_WARN_DOCUMENTATION_COMMENTS = YES;
				CLANG_WARN_EMPTY_BODY = YES;
				CLANG_WARN_ENUM_CONVERSION = YES;
				CLANG_WARN_INFINITE_RECURSION = YES;
				CLANG_WARN_INT_CONVERSION = YES;
				CLANG_WARN_NON_LITERAL_NULL_CONVERSION = YES;
				CLANG_WARN_OBJC_IMPLICIT_RETAIN_SELF = YES;
				CLANG_WARN_OBJC_LITERAL_CONVERSION = YES;
				CLANG_WARN_OBJC_ROOT_CLASS = YES_ERROR;
				CLANG_WARN_QUOTED_INCLUDE_IN_FRAMEWORK_HEADER = YES;
				CLANG_WARN_RANGE_LOOP_ANALYSIS = YES;
				CLANG_WARN_STRICT_PROTOTYPES = YES;
				CLANG_WARN_SUSPICIOUS_MOVE = YES;
				CLANG_WARN_UNGUARDED_AVAILABILITY = YES_AGGRESSIVE;
				CLANG_WARN_UNREACHABLE_CODE = YES;
				CLANG_WARN__DUPLICATE_METHOD_MATCH = YES;
				COPY_PHASE_STRIP = NO;
				DEBUG_INFORMATION_FORMAT = "dwarf-with-dsym";
				ENABLE_NS_ASSERTIONS = NO;
				ENABLE_STRICT_OBJC_MSGSEND = YES;
				GCC_C_LANGUAGE_STANDARD = gnu11;
				GCC_NO_COMMON_BLOCKS = YES;
				GCC_WARN_64_TO_32_BIT_CONVERSION = YES;
				GCC_WARN_ABOUT_RETURN_TYPE = YES_ERROR;
				GCC_WARN_UNDECLARED_SELECTOR = YES;
				GCC_WARN_UNINITIALIZED_AUTOS = YES_AGGRESSIVE;
				GCC_WARN_UNUSED_FUNCTION = YES;
				GCC_WARN_UNUSED_VARIABLE = YES;
				IPHONEOS_DEPLOYMENT_TARGET = 15.2;
				MTL_ENABLE_DEBUG_INFO = NO;
				MTL_FAST_MATH = YES;
				SDKROOT = iphoneos;
				SWIFT_COMPILATION_MODE = wholemodule;
				SWIFT_OPTIMIZATION_LEVEL = "-O";
				VALIDATE_PRODUCT = YES;
			};
			name = Release;
		};
		48A572B027DF398A009E026A /* Debug */ = {
			isa = XCBuildConfiguration;
			buildSettings = {
				ASSETCATALOG_COMPILER_APPICON_NAME = AppIcon;
				ASSETCATALOG_COMPILER_GLOBAL_ACCENT_COLOR_NAME = AccentColor;
				CODE_SIGN_STYLE = Automatic;
				CURRENT_PROJECT_VERSION = 1;
				DEVELOPMENT_TEAM = 629THG8W5C;
				GENERATE_INFOPLIST_FILE = YES;
				INFOPLIST_FILE = NotesApp/Info.plist;
				INFOPLIST_KEY_UIApplicationSupportsIndirectInputEvents = YES;
				INFOPLIST_KEY_UILaunchStoryboardName = LaunchScreen;
				INFOPLIST_KEY_UISupportedInterfaceOrientations_iPad = "UIInterfaceOrientationPortrait UIInterfaceOrientationPortraitUpsideDown UIInterfaceOrientationLandscapeLeft UIInterfaceOrientationLandscapeRight";
				INFOPLIST_KEY_UISupportedInterfaceOrientations_iPhone = "UIInterfaceOrientationPortrait UIInterfaceOrientationLandscapeLeft UIInterfaceOrientationLandscapeRight";
				LD_RUNPATH_SEARCH_PATHS = (
					"$(inherited)",
					"@executable_path/Frameworks",
				);
				MARKETING_VERSION = 1.0;
				PRODUCT_BUNDLE_IDENTIFIER = Nick.K.NotesApp;
				PRODUCT_NAME = "$(TARGET_NAME)";
				SWIFT_EMIT_LOC_STRINGS = YES;
				SWIFT_VERSION = 5.0;
				TARGETED_DEVICE_FAMILY = "1,2";
			};
			name = Debug;
		};
		48A572B127DF398A009E026A /* Release */ = {
			isa = XCBuildConfiguration;
			buildSettings = {
				ASSETCATALOG_COMPILER_APPICON_NAME = AppIcon;
				ASSETCATALOG_COMPILER_GLOBAL_ACCENT_COLOR_NAME = AccentColor;
				CODE_SIGN_STYLE = Automatic;
				CURRENT_PROJECT_VERSION = 1;
				DEVELOPMENT_TEAM = 629THG8W5C;
				GENERATE_INFOPLIST_FILE = YES;
				INFOPLIST_FILE = NotesApp/Info.plist;
				INFOPLIST_KEY_UIApplicationSupportsIndirectInputEvents = YES;
				INFOPLIST_KEY_UILaunchStoryboardName = LaunchScreen;
				INFOPLIST_KEY_UISupportedInterfaceOrientations_iPad = "UIInterfaceOrientationPortrait UIInterfaceOrientationPortraitUpsideDown UIInterfaceOrientationLandscapeLeft UIInterfaceOrientationLandscapeRight";
				INFOPLIST_KEY_UISupportedInterfaceOrientations_iPhone = "UIInterfaceOrientationPortrait UIInterfaceOrientationLandscapeLeft UIInterfaceOrientationLandscapeRight";
				LD_RUNPATH_SEARCH_PATHS = (
					"$(inherited)",
					"@executable_path/Frameworks",
				);
				MARKETING_VERSION = 1.0;
				PRODUCT_BUNDLE_IDENTIFIER = Nick.K.NotesApp;
				PRODUCT_NAME = "$(TARGET_NAME)";
				SWIFT_EMIT_LOC_STRINGS = YES;
				SWIFT_VERSION = 5.0;
				TARGETED_DEVICE_FAMILY = "1,2";
			};
			name = Release;
		};
/* End XCBuildConfiguration section */

/* Begin XCConfigurationList section */
		48A5729327DF3989009E026A /* Build configuration list for PBXProject "NotesApp" */ = {
			isa = XCConfigurationList;
			buildConfigurations = (
				48A572AD27DF398A009E026A /* Debug */,
				48A572AE27DF398A009E026A /* Release */,
			);
			defaultConfigurationIsVisible = 0;
			defaultConfigurationName = Release;
		};
		48A572AF27DF398A009E026A /* Build configuration list for PBXNativeTarget "NotesApp" */ = {
			isa = XCConfigurationList;
			buildConfigurations = (
				48A572B027DF398A009E026A /* Debug */,
				48A572B127DF398A009E026A /* Release */,
			);
			defaultConfigurationIsVisible = 0;
			defaultConfigurationName = Release;
		};
/* End XCConfigurationList section */

/* Begin XCVersionGroup section */
		48A572A427DF3989009E026A /* NotesApp.xcdatamodeld */ = {
			isa = XCVersionGroup;
			children = (
				48A572A527DF3989009E026A /* NotesApp.xcdatamodel */,
			);
			currentVersion = 48A572A527DF3989009E026A /* NotesApp.xcdatamodel */;
			path = NotesApp.xcdatamodeld;
			sourceTree = "<group>";
			versionGroupType = wrapper.xcdatamodel;
		};
/* End XCVersionGroup section */
	};
	rootObject = 48A5729027DF3989009E026A /* Project object */;
}
